
Microsoft Visual Studio Solution File, Format Version 12.00
# Visual Studio 15
VisualStudioVersion = 15.0.26124.0
MinimumVisualStudioVersion = 15.0.26124.0
Project("{FAE04EC0-301F-11D3-BF4B-00C04F79EFBC}") = "AppCode", "AppCode\AppCode.csproj", "{557B8F61-DE90-4276-A0F9-4C279F9C1A70}"
EndProject
Project("{FAE04EC0-301F-11D3-BF4B-00C04F79EFBC}") = "AppCode.Tests", "AppCode.Tests\AppCode.Tests.csproj", "{180AF803-374F-41FE-94E5-14617A2498CA}"
EndProject
Global
	GlobalSection(SolutionConfigurationPlatforms) = preSolution
		Debug|Any CPU = Debug|Any CPU
		Debug|x64 = Debug|x64
		Debug|x86 = Debug|x86
		Release|Any CPU = Release|Any CPU
		Release|x64 = Release|x64
		Release|x86 = Release|x86
	EndGlobalSection
	GlobalSection(SolutionProperties) = preSolution
		HideSolutionNode = FALSE
	EndGlobalSection
	GlobalSection(ProjectConfigurationPlatforms) = postSolution
		{557B8F61-DE90-4276-A0F9-4C279F9C1A70}.Debug|Any CPU.ActiveCfg = Debug|Any CPU
		{557B8F61-DE90-4276-A0F9-4C279F9C1A70}.Debug|Any CPU.Build.0 = Debug|Any CPU
		{557B8F61-DE90-4276-A0F9-4C279F9C1A70}.Debug|x64.ActiveCfg = Debug|Any CPU
		{557B8F61-DE90-4276-A0F9-4C279F9C1A70}.Debug|x64.Build.0 = Debug|Any CPU
		{557B8F61-DE90-4276-A0F9-4C279F9C1A70}.Debug|x86.ActiveCfg = Debug|Any CPU
		{557B8F61-DE90-4276-A0F9-4C279F9C1A70}.Debug|x86.Build.0 = Debug|Any CPU
		{557B8F61-DE90-4276-A0F9-4C279F9C1A70}.Release|Any CPU.ActiveCfg = Release|Any CPU
		{557B8F61-DE90-4276-A0F9-4C279F9C1A70}.Release|Any CPU.Build.0 = Release|Any CPU
		{557B8F61-DE90-4276-A0F9-4C279F9C1A70}.Release|x64.ActiveCfg = Release|Any CPU
		{557B8F61-DE90-4276-A0F9-4C279F9C1A70}.Release|x64.Build.0 = Release|Any CPU
		{557B8F61-DE90-4276-A0F9-4C279F9C1A70}.Release|x86.ActiveCfg = Release|Any CPU
		{557B8F61-DE90-4276-A0F9-4C279F9C1A70}.Release|x86.Build.0 = Release|Any CPU
		{180AF803-374F-41FE-94E5-14617A2498CA}.Debug|Any CPU.ActiveCfg = Debug|Any CPU
		{180AF803-374F-41FE-94E5-14617A2498CA}.Debug|Any CPU.Build.0 = Debug|Any CPU
		{180AF803-374F-41FE-94E5-14617A2498CA}.Debug|x64.ActiveCfg = Debug|Any CPU
		{180AF803-374F-41FE-94E5-14617A2498CA}.Debug|x64.Build.0 = Debug|Any CPU
		{180AF803-374F-41FE-94E5-14617A2498CA}.Debug|x86.ActiveCfg = Debug|Any CPU
		{180AF803-374F-41FE-94E5-14617A2498CA}.Debug|x86.Build.0 = Debug|Any CPU
		{180AF803-374F-41FE-94E5-14617A2498CA}.Release|Any CPU.ActiveCfg = Release|Any CPU
		{180AF803-374F-41FE-94E5-14617A2498CA}.Release|Any CPU.Build.0 = Release|Any CPU
		{180AF803-374F-41FE-94E5-14617A2498CA}.Release|x64.ActiveCfg = Release|Any CPU
		{180AF803-374F-41FE-94E5-14617A2498CA}.Release|x64.Build.0 = Release|Any CPU
		{180AF803-374F-41FE-94E5-14617A2498CA}.Release|x86.ActiveCfg = Release|Any CPU
		{180AF803-374F-41FE-94E5-14617A2498CA}.Release|x86.Build.0 = Release|Any CPU
	EndGlobalSection
EndGlobal
